github.com/davecgh/go-spew v1.1.1 h1:vj9j/u1bqnvCEfJOwUhtlOARqs3+rkHYY13jYWTU97c=
github.com/davecgh/go-spew v1.1.1/go.mod h1:J7Y8YcW2NihsgmVo/mv3lAwl/skON4iLHjSsI+c5H38=
github.com/kendfss/but v0.0.0-20230517104759-f94a54ee7e6d h1:ZVl49bmjg4mujTEYM6bbQa9lWHSJBDf6Vzjncs79Lp4=
github.com/kendfss/but v0.0.0-20230517104759-f94a54ee7e6d/go.mod h1:8OmaFbYVYLstmLTWOAl6Hnrnhzz8WR32RyyMvyjB/KM=
github.com/kendfss/iters v0.0.0-20230517111910-f2ee74c14320 h1:kYf017jxJNyVq0TTzKPOeGoyL6jD9vh54k9HlQZQzi8=
github.com/kendfss/iters v0.0.0-20230517111910-f2ee74c14320/go.mod h1:J0u63/tKsn7P3zKIWvQYrxrnwItCLKMn0WTKc1sdzXI=
github.com/kendfss/oprs v0.0.0-20230517095507-eb2585e120b8 h1:h009bkejvYmZXyd2RNJEwmjlzXbN5xtWu4+f+e5au4o=
github.com/kendfss/oprs v0.0.0-20230517095507-eb2585e120b8/go.mod h1:ckW3aJ8VmKjchRF6hbUOZmSvJ7l/MdHhVs2nO/5ooyc=
github.com/kendfss/oracle v0.0.0-20230517101504-5610d0aa78ec h1:NjeXin44ABHDbxg3SD/DY5vixkxIpEnl68RGpThe5N8=
github.com/kendfss/oracle v0.0.0-20230517101504-5610d0aa78ec/go.mod h1:UvVjGLD42sE/oWIz+hI2aG/waXjoTNKE2AuIw1NAHTo=
github.com/kendfss/rules v0.0.0-20230516200457-31591780a934 h1:3o6TzwDB++hu258delmj4NfJIXReihp0wlbyXMaNTSU=
github.com/kendfss/rules v0.0.0-20230516200457-31591780a934/go.mod h1:FMcRXdSCnJKWC/hBPlo44ZMtBHbuPt45huFd2F5yI/4=
github.com/pmezard/go-difflib v1.0.0 h1:4DBwDE0NGyQoBHbLQYPwSUPoCMWR5BEzIk/f1lZbAQM=
github.com/pmezard/go-difflib v1.0.0/go.mod h1:iKH77koFhYxTK1pcRnkKkqfTogsbg7gZNVY4sRDYZ/4=
github.com/stretchr/testify v1.8.2 h1:+h33VjcLVPDHtOdpUCuF+7gSuG3yGIftsP1YvFihtJ8=
github.com/stretchr/testify v1.8.2/go.mod h1:w2LPCIKwWwSfY2zedu0+kehJoqGctiVI29o6fzry7u4=
gopkg.in/yaml.v3 v3.0.1 h1:fxVm/GzAzEWqLHuvctI91KS9hhNmmWOoWu0XTYJS7CA=
gopkg.in/yaml.v3 v3.0.1/go.mod h1:K4uyk7z7BCEPqu6E+C64Yfv1cQ7kz7rIZviUmN+EgEM=
