github.com/davecgh/go-spew v1.1.1 h1:vj9j/u1bqnvCEfJOwUhtlOARqs3+rkHYY13jYWTU97c=
github.com/davecgh/go-spew v1.1.1/go.mod h1:J7Y8YcW2NihsgmVo/mv3lAwl/skON4iLHjSsI+c5H38=
github.com/kendfss/but v1.0.0 h1:1BcM41ZHhzYQY4kueeX7Lb2usM/Je7pXcSqw6c5Bn6M=
github.com/kendfss/but v1.0.0/go.mod h1:8MR7DU2UecYlUQVZgeO5ERkYMJ0wkRNC1C0mOkILDhI=
github.com/kendfss/iters v1.0.0 h1:Y8fKWJTGtNFgwJ2CpZIyZd4P7Vsm0ZQGbb/CchLp3sA=
github.com/kendfss/iters v1.0.0/go.mod h1:fpCjwyzkiE6uEzK1StCTXh2CMN3hkKvyEqctUkcHl74=
github.com/kendfss/oprs v1.0.0 h1:vlo6rmrLTjOieZ6TFz/IJiRXSbrCsiutw+gTjMd51Wo=
github.com/kendfss/oprs v1.0.0/go.mod h1:TCcgFim+tsNEmiTAzNOVPMwqaVv6Z71FSYsHYBtEmE8=
github.com/kendfss/oracle v1.0.0 h1:6RByntvifUCONoLRw6pQCcUBkjeE37VAym7USKIBR/U=
github.com/kendfss/oracle v1.0.0/go.mod h1:gRZ2/zHZAcY8NTZ+2HhzEp2LtPsYZXJDqwPeBdQtlrU=
github.com/kendfss/rules v1.0.0 h1:YwNUQidnU67vgo09tgUP+Z/TPuYLQNxQutO+z5awwJA=
github.com/kendfss/rules v1.0.0/go.mod h1:FMcRXdSCnJKWC/hBPlo44ZMtBHbuPt45huFd2F5yI/4=
github.com/pmezard/go-difflib v1.0.0 h1:4DBwDE0NGyQoBHbLQYPwSUPoCMWR5BEzIk/f1lZbAQM=
github.com/pmezard/go-difflib v1.0.0/go.mod h1:iKH77koFhYxTK1pcRnkKkqfTogsbg7gZNVY4sRDYZ/4=
github.com/stretchr/testify v1.8.2 h1:+h33VjcLVPDHtOdpUCuF+7gSuG3yGIftsP1YvFihtJ8=
github.com/stretchr/testify v1.8.2/go.mod h1:w2LPCIKwWwSfY2zedu0+kehJoqGctiVI29o6fzry7u4=
gopkg.in/yaml.v3 v3.0.1 h1:fxVm/GzAzEWqLHuvctI91KS9hhNmmWOoWu0XTYJS7CA=
gopkg.in/yaml.v3 v3.0.1/go.mod h1:K4uyk7z7BCEPqu6E+C64Yfv1cQ7kz7rIZviUmN+EgEM=
